
Microsoft Visual Studio Solution File, Format Version 12.00
# Visual Studio Version 16
VisualStudioVersion = 16.0.29709.97
MinimumVisualStudioVersion = 10.0.40219.1
Project("{9A19103F-16F7-4668-BE54-9A1E7A4F7556}") = "CaixaEletronico.Api", "CaixaEletronico.Api\CaixaEletronico.Api.csproj", "{6EA29DC0-6559-431F-908D-137C7A7D040C}"
EndProject
Project("{FAE04EC0-301F-11D3-BF4B-00C04F79EFBC}") = "CaixaEletronico.Domain", "CaixaEletronico.Domain\CaixaEletronico.Domain.csproj", "{E7D2EC20-48DD-418E-8E87-2099E77D797A}"
EndProject
Project("{FAE04EC0-301F-11D3-BF4B-00C04F79EFBC}") = "CaixaEletronico.UnitTests", "CaixaEletronico.UnitTests\CaixaEletronico.UnitTests.csproj", "{B96C26FD-19B5-4EC0-9A76-2315F260AE8F}"
EndProject
Project("{FAE04EC0-301F-11D3-BF4B-00C04F79EFBC}") = "CaixaEletronico.IntegrationTests", "CaixaEletronico.IntegrationTests\CaixaEletronico.IntegrationTests.csproj", "{FDBB4A5F-F626-411E-B90F-CFD0071BB6D2}"
EndProject
Global
	GlobalSection(SolutionConfigurationPlatforms) = preSolution
		Debug|Any CPU = Debug|Any CPU
		Release|Any CPU = Release|Any CPU
	EndGlobalSection
	GlobalSection(ProjectConfigurationPlatforms) = postSolution
		{6EA29DC0-6559-431F-908D-137C7A7D040C}.Debug|Any CPU.ActiveCfg = Debug|Any CPU
		{6EA29DC0-6559-431F-908D-137C7A7D040C}.Debug|Any CPU.Build.0 = Debug|Any CPU
		{6EA29DC0-6559-431F-908D-137C7A7D040C}.Release|Any CPU.ActiveCfg = Release|Any CPU
		{6EA29DC0-6559-431F-908D-137C7A7D040C}.Release|Any CPU.Build.0 = Release|Any CPU
		{E7D2EC20-48DD-418E-8E87-2099E77D797A}.Debug|Any CPU.ActiveCfg = Debug|Any CPU
		{E7D2EC20-48DD-418E-8E87-2099E77D797A}.Debug|Any CPU.Build.0 = Debug|Any CPU
		{E7D2EC20-48DD-418E-8E87-2099E77D797A}.Release|Any CPU.ActiveCfg = Release|Any CPU
		{E7D2EC20-48DD-418E-8E87-2099E77D797A}.Release|Any CPU.Build.0 = Release|Any CPU
		{B96C26FD-19B5-4EC0-9A76-2315F260AE8F}.Debug|Any CPU.ActiveCfg = Debug|Any CPU
		{B96C26FD-19B5-4EC0-9A76-2315F260AE8F}.Debug|Any CPU.Build.0 = Debug|Any CPU
		{B96C26FD-19B5-4EC0-9A76-2315F260AE8F}.Release|Any CPU.ActiveCfg = Release|Any CPU
		{B96C26FD-19B5-4EC0-9A76-2315F260AE8F}.Release|Any CPU.Build.0 = Release|Any CPU
		{FDBB4A5F-F626-411E-B90F-CFD0071BB6D2}.Debug|Any CPU.ActiveCfg = Debug|Any CPU
		{FDBB4A5F-F626-411E-B90F-CFD0071BB6D2}.Debug|Any CPU.Build.0 = Debug|Any CPU
		{FDBB4A5F-F626-411E-B90F-CFD0071BB6D2}.Release|Any CPU.ActiveCfg = Release|Any CPU
		{FDBB4A5F-F626-411E-B90F-CFD0071BB6D2}.Release|Any CPU.Build.0 = Release|Any CPU
	EndGlobalSection
	GlobalSection(SolutionProperties) = preSolution
		HideSolutionNode = FALSE
	EndGlobalSection
	GlobalSection(ExtensibilityGlobals) = postSolution
		SolutionGuid = {6E20EAC3-B7F8-4B17-8584-BD4C1E5C4874}
	EndGlobalSection
EndGlobal
